
Microsoft Visual Studio Solution File, Format Version 12.00
# Visual Studio Version 17
VisualStudioVersion = 17.0.31903.59
MinimumVisualStudioVersion = 10.0.40219.1
Project("{FAE04EC0-301F-11D3-BF4B-00C04F79EFBC}") = "LabDotNet.Api", "LabDotNet.Api\LabDotNet.Api.csproj", "{0EB1A776-5CEB-4E0F-BD79-1AEBF90A2373}"
EndProject
Project("{FAE04EC0-301F-11D3-BF4B-00C04F79EFBC}") = "LabDotNet.Services", "LabDotNet.Services\LabDotNet.Services.csproj", "{F31960BF-E695-4468-95F2-B5E0E4A58EF9}"
EndProject
Project("{FAE04EC0-301F-11D3-BF4B-00C04F79EFBC}") = "LabDotNet.Models", "LabDotNet.Models\LabDotNet.Models.csproj", "{2891C7F9-BDBC-412E-9A85-754B841335D8}"
EndProject
Project("{FAE04EC0-301F-11D3-BF4B-00C04F79EFBC}") = "LabDotNet.DataBase", "LabDotNet.DataBase\LabDotNet.DataBase.csproj", "{32C54F10-A7FE-4A2D-A63B-B640D6CCFF8B}"
EndProject
Project("{2150E333-8FDC-42A3-9474-1A3956D46DE8}") = "tests", "tests", "{975A5257-B239-4F92-8110-16DD25203EB9}"
EndProject
Project("{FAE04EC0-301F-11D3-BF4B-00C04F79EFBC}") = "LabDotNet.Controllers.Tests", "tests\LabDotNet.Controllers.Tests\LabDotNet.Controllers.Tests.csproj", "{87C57B91-3DD9-4ED8-9117-30C2CFA144FF}"
EndProject
Project("{FAE04EC0-301F-11D3-BF4B-00C04F79EFBC}") = "LabDotNet.Common.Tests", "tests\LabDotNet.Common.Tests\LabDotNet.Common.Tests.csproj", "{E3DC74D5-3816-4164-9819-577E6194542E}"
EndProject
Project("{FAE04EC0-301F-11D3-BF4B-00C04F79EFBC}") = "LabDotNet.DataBase.Tests", "tests\LabDotNet.DataBase.Tests\LabDotNet.DataBase.Tests.csproj", "{8A4C194D-3E2E-400C-947D-3FABB435593F}"
EndProject
Project("{FAE04EC0-301F-11D3-BF4B-00C04F79EFBC}") = "LabDotNet.Models.Tests", "tests\LabDotNet.Models.Tests\LabDotNet.Models.Tests.csproj", "{E8F618BE-3D43-42A5-BABB-89A809BD1258}"
EndProject
Project("{FAE04EC0-301F-11D3-BF4B-00C04F79EFBC}") = "LabDotNet.Services.Tests", "tests\LabDotNet.Services.Tests\LabDotNet.Services.Tests.csproj", "{783AA471-C182-4487-8011-4EBEF9283EE4}"
EndProject
Global
	GlobalSection(SolutionConfigurationPlatforms) = preSolution
		Debug|Any CPU = Debug|Any CPU
		Release|Any CPU = Release|Any CPU
	EndGlobalSection
	GlobalSection(SolutionProperties) = preSolution
		HideSolutionNode = FALSE
	EndGlobalSection
	GlobalSection(ProjectConfigurationPlatforms) = postSolution
		{0EB1A776-5CEB-4E0F-BD79-1AEBF90A2373}.Debug|Any CPU.ActiveCfg = Debug|Any CPU
		{0EB1A776-5CEB-4E0F-BD79-1AEBF90A2373}.Debug|Any CPU.Build.0 = Debug|Any CPU
		{0EB1A776-5CEB-4E0F-BD79-1AEBF90A2373}.Release|Any CPU.ActiveCfg = Release|Any CPU
		{0EB1A776-5CEB-4E0F-BD79-1AEBF90A2373}.Release|Any CPU.Build.0 = Release|Any CPU
		{F31960BF-E695-4468-95F2-B5E0E4A58EF9}.Debug|Any CPU.ActiveCfg = Debug|Any CPU
		{F31960BF-E695-4468-95F2-B5E0E4A58EF9}.Debug|Any CPU.Build.0 = Debug|Any CPU
		{F31960BF-E695-4468-95F2-B5E0E4A58EF9}.Release|Any CPU.ActiveCfg = Release|Any CPU
		{F31960BF-E695-4468-95F2-B5E0E4A58EF9}.Release|Any CPU.Build.0 = Release|Any CPU
		{2891C7F9-BDBC-412E-9A85-754B841335D8}.Debug|Any CPU.ActiveCfg = Debug|Any CPU
		{2891C7F9-BDBC-412E-9A85-754B841335D8}.Debug|Any CPU.Build.0 = Debug|Any CPU
		{2891C7F9-BDBC-412E-9A85-754B841335D8}.Release|Any CPU.ActiveCfg = Release|Any CPU
		{2891C7F9-BDBC-412E-9A85-754B841335D8}.Release|Any CPU.Build.0 = Release|Any CPU
		{32C54F10-A7FE-4A2D-A63B-B640D6CCFF8B}.Debug|Any CPU.ActiveCfg = Debug|Any CPU
		{32C54F10-A7FE-4A2D-A63B-B640D6CCFF8B}.Debug|Any CPU.Build.0 = Debug|Any CPU
		{32C54F10-A7FE-4A2D-A63B-B640D6CCFF8B}.Release|Any CPU.ActiveCfg = Release|Any CPU
		{32C54F10-A7FE-4A2D-A63B-B640D6CCFF8B}.Release|Any CPU.Build.0 = Release|Any CPU
		{87C57B91-3DD9-4ED8-9117-30C2CFA144FF}.Debug|Any CPU.ActiveCfg = Debug|Any CPU
		{87C57B91-3DD9-4ED8-9117-30C2CFA144FF}.Debug|Any CPU.Build.0 = Debug|Any CPU
		{87C57B91-3DD9-4ED8-9117-30C2CFA144FF}.Release|Any CPU.ActiveCfg = Release|Any CPU
		{87C57B91-3DD9-4ED8-9117-30C2CFA144FF}.Release|Any CPU.Build.0 = Release|Any CPU
		{E3DC74D5-3816-4164-9819-577E6194542E}.Debug|Any CPU.ActiveCfg = Debug|Any CPU
		{E3DC74D5-3816-4164-9819-577E6194542E}.Debug|Any CPU.Build.0 = Debug|Any CPU
		{E3DC74D5-3816-4164-9819-577E6194542E}.Release|Any CPU.ActiveCfg = Release|Any CPU
		{E3DC74D5-3816-4164-9819-577E6194542E}.Release|Any CPU.Build.0 = Release|Any CPU
		{8A4C194D-3E2E-400C-947D-3FABB435593F}.Debug|Any CPU.ActiveCfg = Debug|Any CPU
		{8A4C194D-3E2E-400C-947D-3FABB435593F}.Debug|Any CPU.Build.0 = Debug|Any CPU
		{8A4C194D-3E2E-400C-947D-3FABB435593F}.Release|Any CPU.ActiveCfg = Release|Any CPU
		{8A4C194D-3E2E-400C-947D-3FABB435593F}.Release|Any CPU.Build.0 = Release|Any CPU
		{E8F618BE-3D43-42A5-BABB-89A809BD1258}.Debug|Any CPU.ActiveCfg = Debug|Any CPU
		{E8F618BE-3D43-42A5-BABB-89A809BD1258}.Debug|Any CPU.Build.0 = Debug|Any CPU
		{E8F618BE-3D43-42A5-BABB-89A809BD1258}.Release|Any CPU.ActiveCfg = Release|Any CPU
		{E8F618BE-3D43-42A5-BABB-89A809BD1258}.Release|Any CPU.Build.0 = Release|Any CPU
		{783AA471-C182-4487-8011-4EBEF9283EE4}.Debug|Any CPU.ActiveCfg = Debug|Any CPU
		{783AA471-C182-4487-8011-4EBEF9283EE4}.Debug|Any CPU.Build.0 = Debug|Any CPU
		{783AA471-C182-4487-8011-4EBEF9283EE4}.Release|Any CPU.ActiveCfg = Release|Any CPU
		{783AA471-C182-4487-8011-4EBEF9283EE4}.Release|Any CPU.Build.0 = Release|Any CPU
	EndGlobalSection
	GlobalSection(NestedProjects) = preSolution
		{87C57B91-3DD9-4ED8-9117-30C2CFA144FF} = {975A5257-B239-4F92-8110-16DD25203EB9}
		{E3DC74D5-3816-4164-9819-577E6194542E} = {975A5257-B239-4F92-8110-16DD25203EB9}
		{8A4C194D-3E2E-400C-947D-3FABB435593F} = {975A5257-B239-4F92-8110-16DD25203EB9}
		{E8F618BE-3D43-42A5-BABB-89A809BD1258} = {975A5257-B239-4F92-8110-16DD25203EB9}
		{783AA471-C182-4487-8011-4EBEF9283EE4} = {975A5257-B239-4F92-8110-16DD25203EB9}
	EndGlobalSection
EndGlobal
