
Microsoft Visual Studio Solution File, Format Version 12.00
# Visual Studio Version 17
VisualStudioVersion = 17.0.31903.59
MinimumVisualStudioVersion = 10.0.40219.1
Project("{FAE04EC0-301F-11D3-BF4B-00C04F79EFBC}") = "LabDotNet.Api", "LabDotNet.Api\LabDotNet.Api.csproj", "{0EB1A776-5CEB-4E0F-BD79-1AEBF90A2373}"
EndProject
Project("{FAE04EC0-301F-11D3-BF4B-00C04F79EFBC}") = "LabDotNet.Services", "LabDotNet.Services\LabDotNet.Services.csproj", "{F31960BF-E695-4468-95F2-B5E0E4A58EF9}"
EndProject
Project("{FAE04EC0-301F-11D3-BF4B-00C04F79EFBC}") = "LabDotNet.Services.Tests", "LabDotNet.Services.Tests\LabDotNet.Services.Tests.csproj", "{7690F2A6-6F11-4F36-BCEE-24A378A0FB26}"
EndProject
Project("{FAE04EC0-301F-11D3-BF4B-00C04F79EFBC}") = "LabDotNet.Models", "LabDotNet.Models\LabDotNet.Models.csproj", "{2891C7F9-BDBC-412E-9A85-754B841335D8}"
EndProject
Project("{FAE04EC0-301F-11D3-BF4B-00C04F79EFBC}") = "LabDotNet.Models.Tests", "LabDotNet.Models.Tests\LabDotNet.Models.Tests.csproj", "{3AF860D6-F73F-402A-B123-23A4427631BB}"
EndProject
Project("{FAE04EC0-301F-11D3-BF4B-00C04F79EFBC}") = "LabDotNet.DataBase", "LabDotNet.DataBase\LabDotNet.DataBase.csproj", "{32C54F10-A7FE-4A2D-A63B-B640D6CCFF8B}"
EndProject
Project("{FAE04EC0-301F-11D3-BF4B-00C04F79EFBC}") = "LabDotNet.DataBase.Tests", "LabDotNet.DataBase.Tests\LabDotNet.DataBase.Tests.csproj", "{B40CD1A7-AE70-43F2-A2F3-6C160C68495F}"
EndProject
Project("{FAE04EC0-301F-11D3-BF4B-00C04F79EFBC}") = "LabDotNet.Common.Tests", "LabDotNet.Common.Tests\LabDotNet.Common.Tests.csproj", "{977A49E7-005B-4DBD-818C-05C112E516B1}"
EndProject
Global
	GlobalSection(SolutionConfigurationPlatforms) = preSolution
		Debug|Any CPU = Debug|Any CPU
		Release|Any CPU = Release|Any CPU
	EndGlobalSection
	GlobalSection(SolutionProperties) = preSolution
		HideSolutionNode = FALSE
	EndGlobalSection
	GlobalSection(ProjectConfigurationPlatforms) = postSolution
		{0EB1A776-5CEB-4E0F-BD79-1AEBF90A2373}.Debug|Any CPU.ActiveCfg = Debug|Any CPU
		{0EB1A776-5CEB-4E0F-BD79-1AEBF90A2373}.Debug|Any CPU.Build.0 = Debug|Any CPU
		{0EB1A776-5CEB-4E0F-BD79-1AEBF90A2373}.Release|Any CPU.ActiveCfg = Release|Any CPU
		{0EB1A776-5CEB-4E0F-BD79-1AEBF90A2373}.Release|Any CPU.Build.0 = Release|Any CPU
		{F31960BF-E695-4468-95F2-B5E0E4A58EF9}.Debug|Any CPU.ActiveCfg = Debug|Any CPU
		{F31960BF-E695-4468-95F2-B5E0E4A58EF9}.Debug|Any CPU.Build.0 = Debug|Any CPU
		{F31960BF-E695-4468-95F2-B5E0E4A58EF9}.Release|Any CPU.ActiveCfg = Release|Any CPU
		{F31960BF-E695-4468-95F2-B5E0E4A58EF9}.Release|Any CPU.Build.0 = Release|Any CPU
		{7690F2A6-6F11-4F36-BCEE-24A378A0FB26}.Debug|Any CPU.ActiveCfg = Debug|Any CPU
		{7690F2A6-6F11-4F36-BCEE-24A378A0FB26}.Debug|Any CPU.Build.0 = Debug|Any CPU
		{7690F2A6-6F11-4F36-BCEE-24A378A0FB26}.Release|Any CPU.ActiveCfg = Release|Any CPU
		{7690F2A6-6F11-4F36-BCEE-24A378A0FB26}.Release|Any CPU.Build.0 = Release|Any CPU
		{2891C7F9-BDBC-412E-9A85-754B841335D8}.Debug|Any CPU.ActiveCfg = Debug|Any CPU
		{2891C7F9-BDBC-412E-9A85-754B841335D8}.Debug|Any CPU.Build.0 = Debug|Any CPU
		{2891C7F9-BDBC-412E-9A85-754B841335D8}.Release|Any CPU.ActiveCfg = Release|Any CPU
		{2891C7F9-BDBC-412E-9A85-754B841335D8}.Release|Any CPU.Build.0 = Release|Any CPU
		{3AF860D6-F73F-402A-B123-23A4427631BB}.Debug|Any CPU.ActiveCfg = Debug|Any CPU
		{3AF860D6-F73F-402A-B123-23A4427631BB}.Debug|Any CPU.Build.0 = Debug|Any CPU
		{3AF860D6-F73F-402A-B123-23A4427631BB}.Release|Any CPU.ActiveCfg = Release|Any CPU
		{3AF860D6-F73F-402A-B123-23A4427631BB}.Release|Any CPU.Build.0 = Release|Any CPU
		{32C54F10-A7FE-4A2D-A63B-B640D6CCFF8B}.Debug|Any CPU.ActiveCfg = Debug|Any CPU
		{32C54F10-A7FE-4A2D-A63B-B640D6CCFF8B}.Debug|Any CPU.Build.0 = Debug|Any CPU
		{32C54F10-A7FE-4A2D-A63B-B640D6CCFF8B}.Release|Any CPU.ActiveCfg = Release|Any CPU
		{32C54F10-A7FE-4A2D-A63B-B640D6CCFF8B}.Release|Any CPU.Build.0 = Release|Any CPU
		{B40CD1A7-AE70-43F2-A2F3-6C160C68495F}.Debug|Any CPU.ActiveCfg = Debug|Any CPU
		{B40CD1A7-AE70-43F2-A2F3-6C160C68495F}.Debug|Any CPU.Build.0 = Debug|Any CPU
		{B40CD1A7-AE70-43F2-A2F3-6C160C68495F}.Release|Any CPU.ActiveCfg = Release|Any CPU
		{B40CD1A7-AE70-43F2-A2F3-6C160C68495F}.Release|Any CPU.Build.0 = Release|Any CPU
		{977A49E7-005B-4DBD-818C-05C112E516B1}.Debug|Any CPU.ActiveCfg = Debug|Any CPU
		{977A49E7-005B-4DBD-818C-05C112E516B1}.Debug|Any CPU.Build.0 = Debug|Any CPU
		{977A49E7-005B-4DBD-818C-05C112E516B1}.Release|Any CPU.ActiveCfg = Release|Any CPU
		{977A49E7-005B-4DBD-818C-05C112E516B1}.Release|Any CPU.Build.0 = Release|Any CPU
	EndGlobalSection
EndGlobal
